// !$*UTF8*$!
{
	archiveVersion = 1;
	classes = {
	};
	objectVersion = 56;
	objects = {

/* Begin PBXBuildFile section */
		C538EDCE2A91805900EB2F66 /* PokedexUIApp.swift in Sources */ = {isa = PBXBuildFile; fileRef = C538EDCD2A91805900EB2F66 /* PokedexUIApp.swift */; };
		C538EDD22A91805B00EB2F66 /* Assets.xcassets in Resources */ = {isa = PBXBuildFile; fileRef = C538EDD12A91805B00EB2F66 /* Assets.xcassets */; };
		C538EDD52A91805B00EB2F66 /* Preview Assets.xcassets in Resources */ = {isa = PBXBuildFile; fileRef = C538EDD42A91805B00EB2F66 /* Preview Assets.xcassets */; };
		C538EDDF2A91817A00EB2F66 /* PokemonCell.swift in Sources */ = {isa = PBXBuildFile; fileRef = C538EDDE2A91817900EB2F66 /* PokemonCell.swift */; };
		C538EDE12A9189E200EB2F66 /* HomeView.swift in Sources */ = {isa = PBXBuildFile; fileRef = C538EDE02A9189E200EB2F66 /* HomeView.swift */; };
		C538EDE32A918FB600EB2F66 /* PokemonModel.swift in Sources */ = {isa = PBXBuildFile; fileRef = C538EDE22A918FB600EB2F66 /* PokemonModel.swift */; };
		C538EDE52A919A7F00EB2F66 /* homeViewModel.swift in Sources */ = {isa = PBXBuildFile; fileRef = C538EDE42A919A7F00EB2F66 /* homeViewModel.swift */; };
		D903B80F2AC4B17200913BEC /* Kingfisher in Frameworks */ = {isa = PBXBuildFile; productRef = D903B80E2AC4B17200913BEC /* Kingfisher */; };
		D9D7B5702AC49A1F0094F220 /* Data.swift in Sources */ = {isa = PBXBuildFile; fileRef = D9D7B56F2AC49A1F0094F220 /* Data.swift */; };
		D9D7B5722AC49CC80094F220 /* Color.swift in Sources */ = {isa = PBXBuildFile; fileRef = D9D7B5712AC49CC80094F220 /* Color.swift */; };
/* End PBXBuildFile section */

/* Begin PBXFileReference section */
		C538EDCA2A91805900EB2F66 /* PokedexUI.app */ = {isa = PBXFileReference; explicitFileType = wrapper.application; includeInIndex = 0; path = PokedexUI.app; sourceTree = BUILT_PRODUCTS_DIR; };
		C538EDCD2A91805900EB2F66 /* PokedexUIApp.swift */ = {isa = PBXFileReference; lastKnownFileType = sourcecode.swift; path = PokedexUIApp.swift; sourceTree = "<group>"; };
		C538EDD12A91805B00EB2F66 /* Assets.xcassets */ = {isa = PBXFileReference; lastKnownFileType = folder.assetcatalog; path = Assets.xcassets; sourceTree = "<group>"; };
		C538EDD42A91805B00EB2F66 /* Preview Assets.xcassets */ = {isa = PBXFileReference; lastKnownFileType = folder.assetcatalog; path = "Preview Assets.xcassets"; sourceTree = "<group>"; };
		C538EDDE2A91817900EB2F66 /* PokemonCell.swift */ = {isa = PBXFileReference; lastKnownFileType = sourcecode.swift; path = PokemonCell.swift; sourceTree = "<group>"; };
		C538EDE02A9189E200EB2F66 /* HomeView.swift */ = {isa = PBXFileReference; lastKnownFileType = sourcecode.swift; path = HomeView.swift; sourceTree = "<group>"; };
		C538EDE22A918FB600EB2F66 /* PokemonModel.swift */ = {isa = PBXFileReference; lastKnownFileType = sourcecode.swift; path = PokemonModel.swift; sourceTree = "<group>"; };
		C538EDE42A919A7F00EB2F66 /* homeViewModel.swift */ = {isa = PBXFileReference; lastKnownFileType = sourcecode.swift; path = homeViewModel.swift; sourceTree = "<group>"; };
		D9D7B56F2AC49A1F0094F220 /* Data.swift */ = {isa = PBXFileReference; lastKnownFileType = sourcecode.swift; path = Data.swift; sourceTree = "<group>"; };
		D9D7B5712AC49CC80094F220 /* Color.swift */ = {isa = PBXFileReference; lastKnownFileType = sourcecode.swift; path = Color.swift; sourceTree = "<group>"; };
/* End PBXFileReference section */

/* Begin PBXFrameworksBuildPhase section */
		C538EDC72A91805900EB2F66 /* Frameworks */ = {
			isa = PBXFrameworksBuildPhase;
			buildActionMask = 2147483647;
			files = (
				D903B80F2AC4B17200913BEC /* Kingfisher in Frameworks */,
			);
			runOnlyForDeploymentPostprocessing = 0;
		};
/* End PBXFrameworksBuildPhase section */

/* Begin PBXGroup section */
		C538EDC12A91805900EB2F66 = {
			isa = PBXGroup;
			children = (
				C538EDCC2A91805900EB2F66 /* PokedexUI */,
				C538EDCB2A91805900EB2F66 /* Products */,
			);
			sourceTree = "<group>";
		};
		C538EDCB2A91805900EB2F66 /* Products */ = {
			isa = PBXGroup;
			children = (
				C538EDCA2A91805900EB2F66 /* PokedexUI.app */,
			);
			name = Products;
			sourceTree = "<group>";
		};
		C538EDCC2A91805900EB2F66 /* PokedexUI */ = {
			isa = PBXGroup;
			children = (
				C538EDCD2A91805900EB2F66 /* PokedexUIApp.swift */,
				D9D7B56D2AC497E50094F220 /* Features */,
				D9D7B56E2AC49A080094F220 /* Extensions */,
				C538EDD12A91805B00EB2F66 /* Assets.xcassets */,
				C538EDD32A91805B00EB2F66 /* Preview Content */,
			);
			path = PokedexUI;
			sourceTree = "<group>";
		};
		C538EDD32A91805B00EB2F66 /* Preview Content */ = {
			isa = PBXGroup;
			children = (
				C538EDD42A91805B00EB2F66 /* Preview Assets.xcassets */,
			);
			path = "Preview Content";
			sourceTree = "<group>";
		};
		D9D7B5692AC496380094F220 /* Home */ = {
			isa = PBXGroup;
			children = (
				D9D7B56A2AC4965D0094F220 /* Model */,
				D9D7B56C2AC4966F0094F220 /* View */,
				D9D7B56B2AC496650094F220 /* ViewModel */,
			);
			path = Home;
			sourceTree = "<group>";
		};
		D9D7B56A2AC4965D0094F220 /* Model */ = {
			isa = PBXGroup;
			children = (
				C538EDE22A918FB600EB2F66 /* PokemonModel.swift */,
			);
			path = Model;
			sourceTree = "<group>";
		};
		D9D7B56B2AC496650094F220 /* ViewModel */ = {
			isa = PBXGroup;
			children = (
				C538EDE42A919A7F00EB2F66 /* homeViewModel.swift */,
			);
			path = ViewModel;
			sourceTree = "<group>";
		};
		D9D7B56C2AC4966F0094F220 /* View */ = {
			isa = PBXGroup;
			children = (
				C538EDE02A9189E200EB2F66 /* HomeView.swift */,
				C538EDDE2A91817900EB2F66 /* PokemonCell.swift */,
			);
			path = View;
			sourceTree = "<group>";
		};
		D9D7B56D2AC497E50094F220 /* Features */ = {
			isa = PBXGroup;
			children = (
				D9D7B5692AC496380094F220 /* Home */,
			);
			path = Features;
			sourceTree = "<group>";
		};
		D9D7B56E2AC49A080094F220 /* Extensions */ = {
			isa = PBXGroup;
			children = (
				D9D7B56F2AC49A1F0094F220 /* Data.swift */,
				D9D7B5712AC49CC80094F220 /* Color.swift */,
			);
			path = Extensions;
			sourceTree = "<group>";
		};
/* End PBXGroup section */

/* Begin PBXNativeTarget section */
		C538EDC92A91805900EB2F66 /* PokedexUI */ = {
			isa = PBXNativeTarget;
			buildConfigurationList = C538EDD82A91805B00EB2F66 /* Build configuration list for PBXNativeTarget "PokedexUI" */;
			buildPhases = (
				C538EDC62A91805900EB2F66 /* Sources */,
				C538EDC72A91805900EB2F66 /* Frameworks */,
				C538EDC82A91805900EB2F66 /* Resources */,
			);
			buildRules = (
			);
			dependencies = (
			);
			name = PokedexUI;
			packageProductDependencies = (
				D903B80E2AC4B17200913BEC /* Kingfisher */,
			);
			productName = PokedexUI;
			productReference = C538EDCA2A91805900EB2F66 /* PokedexUI.app */;
			productType = "com.apple.product-type.application";
		};
/* End PBXNativeTarget section */

/* Begin PBXProject section */
		C538EDC22A91805900EB2F66 /* Project object */ = {
			isa = PBXProject;
			attributes = {
				BuildIndependentTargetsInParallel = 1;
				LastSwiftUpdateCheck = 1430;
				LastUpgradeCheck = 1500;
				TargetAttributes = {
					C538EDC92A91805900EB2F66 = {
						CreatedOnToolsVersion = 14.3.1;
					};
				};
			};
			buildConfigurationList = C538EDC52A91805900EB2F66 /* Build configuration list for PBXProject "PokedexUI" */;
			compatibilityVersion = "Xcode 14.0";
			developmentRegion = en;
			hasScannedForEncodings = 0;
			knownRegions = (
				en,
				Base,
			);
			mainGroup = C538EDC12A91805900EB2F66;
			packageReferences = (
				D903B80D2AC4B17200913BEC /* XCRemoteSwiftPackageReference "Kingfisher" */,
			);
			productRefGroup = C538EDCB2A91805900EB2F66 /* Products */;
			projectDirPath = "";
			projectRoot = "";
			targets = (
				C538EDC92A91805900EB2F66 /* PokedexUI */,
			);
		};
/* End PBXProject section */

/* Begin PBXResourcesBuildPhase section */
		C538EDC82A91805900EB2F66 /* Resources */ = {
			isa = PBXResourcesBuildPhase;
			buildActionMask = 2147483647;
			files = (
				C538EDD52A91805B00EB2F66 /* Preview Assets.xcassets in Resources */,
				C538EDD22A91805B00EB2F66 /* Assets.xcassets in Resources */,
			);
			runOnlyForDeploymentPostprocessing = 0;
		};
/* End PBXResourcesBuildPhase section */

/* Begin PBXSourcesBuildPhase section */
		C538EDC62A91805900EB2F66 /* Sources */ = {
			isa = PBXSourcesBuildPhase;
			buildActionMask = 2147483647;
			files = (
				C538EDE32A918FB600EB2F66 /* PokemonModel.swift in Sources */,
				D9D7B5702AC49A1F0094F220 /* Data.swift in Sources */,
				D9D7B5722AC49CC80094F220 /* Color.swift in Sources */,
				C538EDE52A919A7F00EB2F66 /* homeViewModel.swift in Sources */,
				C538EDCE2A91805900EB2F66 /* PokedexUIApp.swift in Sources */,
				C538EDDF2A91817A00EB2F66 /* PokemonCell.swift in Sources */,
				C538EDE12A9189E200EB2F66 /* HomeView.swift in Sources */,
			);
			runOnlyForDeploymentPostprocessing = 0;
		};
/* End PBXSourcesBuildPhase section */

/* Begin XCBuildConfiguration section */
		C538EDD62A91805B00EB2F66 /* Debug */ = {
			isa = XCBuildConfiguration;
			buildSettings = {
				ALWAYS_SEARCH_USER_PATHS = NO;
				CLANG_ANALYZER_NONNULL = YES;
				CLANG_ANALYZER_NUMBER_OBJECT_CONVERSION = YES_AGGRESSIVE;
				CLANG_CXX_LANGUAGE_STANDARD = "gnu++20";
				CLANG_ENABLE_MODULES = YES;
				CLANG_ENABLE_OBJC_ARC = YES;
				CLANG_ENABLE_OBJC_WEAK = YES;
				CLANG_WARN_BLOCK_CAPTURE_AUTORELEASING = YES;
				CLANG_WARN_BOOL_CONVERSION = YES;
				CLANG_WARN_COMMA = YES;
				CLANG_WARN_CONSTANT_CONVERSION = YES;
				CLANG_WARN_DEPRECATED_OBJC_IMPLEMENTATIONS = YES;
				CLANG_WARN_DIRECT_OBJC_ISA_USAGE = YES_ERROR;
				CLANG_WARN_DOCUMENTATION_COMMENTS = YES;
				CLANG_WARN_EMPTY_BODY = YES;
				CLANG_WARN_ENUM_CONVERSION = YES;
				CLANG_WARN_INFINITE_RECURSION = YES;
				CLANG_WARN_INT_CONVERSION = YES;
				CLANG_WARN_NON_LITERAL_NULL_CONVERSION = YES;
				CLANG_WARN_OBJC_IMPLICIT_RETAIN_SELF = YES;
				CLANG_WARN_OBJC_LITERAL_CONVERSION = YES;
				CLANG_WARN_OBJC_ROOT_CLASS = YES_ERROR;
				CLANG_WARN_QUOTED_INCLUDE_IN_FRAMEWORK_HEADER = YES;
				CLANG_WARN_RANGE_LOOP_ANALYSIS = YES;
				CLANG_WARN_STRICT_PROTOTYPES = YES;
				CLANG_WARN_SUSPICIOUS_MOVE = YES;
				CLANG_WARN_UNGUARDED_AVAILABILITY = YES_AGGRESSIVE;
				CLANG_WARN_UNREACHABLE_CODE = YES;
				CLANG_WARN__DUPLICATE_METHOD_MATCH = YES;
				COPY_PHASE_STRIP = NO;
				DEBUG_INFORMATION_FORMAT = dwarf;
				ENABLE_STRICT_OBJC_MSGSEND = YES;
				ENABLE_TESTABILITY = YES;
				ENABLE_USER_SCRIPT_SANDBOXING = YES;
				GCC_C_LANGUAGE_STANDARD = gnu11;
				GCC_DYNAMIC_NO_PIC = NO;
				GCC_NO_COMMON_BLOCKS = YES;
				GCC_OPTIMIZATION_LEVEL = 0;
				GCC_PREPROCESSOR_DEFINITIONS = (
					"DEBUG=1",
					"$(inherited)",
				);
				GCC_WARN_64_TO_32_BIT_CONVERSION = YES;
				GCC_WARN_ABOUT_RETURN_TYPE = YES_ERROR;
				GCC_WARN_UNDECLARED_SELECTOR = YES;
				GCC_WARN_UNINITIALIZED_AUTOS = YES_AGGRESSIVE;
				GCC_WARN_UNUSED_FUNCTION = YES;
				GCC_WARN_UNUSED_VARIABLE = YES;
				IPHONEOS_DEPLOYMENT_TARGET = 16.4;
				MTL_ENABLE_DEBUG_INFO = INCLUDE_SOURCE;
				MTL_FAST_MATH = YES;
				ONLY_ACTIVE_ARCH = YES;
				SDKROOT = iphoneos;
				SWIFT_ACTIVE_COMPILATION_CONDITIONS = DEBUG;
				SWIFT_OPTIMIZATION_LEVEL = "-Onone";
			};
			name = Debug;
		};
		C538EDD72A91805B00EB2F66 /* Release */ = {
			isa = XCBuildConfiguration;
			buildSettings = {
				ALWAYS_SEARCH_USER_PATHS = NO;
				CLANG_ANALYZER_NONNULL = YES;
				CLANG_ANALYZER_NUMBER_OBJECT_CONVERSION = YES_AGGRESSIVE;
				CLANG_CXX_LANGUAGE_STANDARD = "gnu++20";
				CLANG_ENABLE_MODULES = YES;
				CLANG_ENABLE_OBJC_ARC = YES;
				CLANG_ENABLE_OBJC_WEAK = YES;
				CLANG_WARN_BLOCK_CAPTURE_AUTORELEASING = YES;
				CLANG_WARN_BOOL_CONVERSION = YES;
				CLANG_WARN_COMMA = YES;
				CLANG_WARN_CONSTANT_CONVERSION = YES;
				CLANG_WARN_DEPRECATED_OBJC_IMPLEMENTATIONS = YES;
				CLANG_WARN_DIRECT_OBJC_ISA_USAGE = YES_ERROR;
				CLANG_WARN_DOCUMENTATION_COMMENTS = YES;
				CLANG_WARN_EMPTY_BODY = YES;
				CLANG_WARN_ENUM_CONVERSION = YES;
				CLANG_WARN_INFINITE_RECURSION = YES;
				CLANG_WARN_INT_CONVERSION = YES;
				CLANG_WARN_NON_LITERAL_NULL_CONVERSION = YES;
				CLANG_WARN_OBJC_IMPLICIT_RETAIN_SELF = YES;
				CLANG_WARN_OBJC_LITERAL_CONVERSION = YES;
				CLANG_WARN_OBJC_ROOT_CLASS = YES_ERROR;
				CLANG_WARN_QUOTED_INCLUDE_IN_FRAMEWORK_HEADER = YES;
				CLANG_WARN_RANGE_LOOP_ANALYSIS = YES;
				CLANG_WARN_STRICT_PROTOTYPES = YES;
				CLANG_WARN_SUSPICIOUS_MOVE = YES;
				CLANG_WARN_UNGUARDED_AVAILABILITY = YES_AGGRESSIVE;
				CLANG_WARN_UNREACHABLE_CODE = YES;
				CLANG_WARN__DUPLICATE_METHOD_MATCH = YES;
				COPY_PHASE_STRIP = NO;
				DEBUG_INFORMATION_FORMAT = "dwarf-with-dsym";
				ENABLE_NS_ASSERTIONS = NO;
				ENABLE_STRICT_OBJC_MSGSEND = YES;
				ENABLE_USER_SCRIPT_SANDBOXING = YES;
				GCC_C_LANGUAGE_STANDARD = gnu11;
				GCC_NO_COMMON_BLOCKS = YES;
				GCC_WARN_64_TO_32_BIT_CONVERSION = YES;
				GCC_WARN_ABOUT_RETURN_TYPE = YES_ERROR;
				GCC_WARN_UNDECLARED_SELECTOR = YES;
				GCC_WARN_UNINITIALIZED_AUTOS = YES_AGGRESSIVE;
				GCC_WARN_UNUSED_FUNCTION = YES;
				GCC_WARN_UNUSED_VARIABLE = YES;
				IPHONEOS_DEPLOYMENT_TARGET = 16.4;
				MTL_ENABLE_DEBUG_INFO = NO;
				MTL_FAST_MATH = YES;
				SDKROOT = iphoneos;
				SWIFT_COMPILATION_MODE = wholemodule;
				SWIFT_OPTIMIZATION_LEVEL = "-O";
				VALIDATE_PRODUCT = YES;
			};
			name = Release;
		};
		C538EDD92A91805B00EB2F66 /* Debug */ = {
			isa = XCBuildConfiguration;
			buildSettings = {
				ASSETCATALOG_COMPILER_APPICON_NAME = AppIcon;
				ASSETCATALOG_COMPILER_GLOBAL_ACCENT_COLOR_NAME = AccentColor;
				CODE_SIGN_STYLE = Automatic;
				CURRENT_PROJECT_VERSION = 1;
				DEVELOPMENT_ASSET_PATHS = "\"PokedexUI/Preview Content\"";
				DEVELOPMENT_TEAM = Q8Z26LUEQ3;
				ENABLE_PREVIEWS = YES;
				GENERATE_INFOPLIST_FILE = YES;
				INFOPLIST_KEY_UIApplicationSceneManifest_Generation = YES;
				INFOPLIST_KEY_UIApplicationSupportsIndirectInputEvents = YES;
				INFOPLIST_KEY_UILaunchScreen_Generation = YES;
				INFOPLIST_KEY_UISupportedInterfaceOrientations_iPad = "UIInterfaceOrientationPortrait UIInterfaceOrientationPortraitUpsideDown UIInterfaceOrientationLandscapeLeft UIInterfaceOrientationLandscapeRight";
				INFOPLIST_KEY_UISupportedInterfaceOrientations_iPhone = "UIInterfaceOrientationPortrait UIInterfaceOrientationLandscapeLeft UIInterfaceOrientationLandscapeRight";
				LD_RUNPATH_SEARCH_PATHS = (
					"$(inherited)",
					"@executable_path/Frameworks",
				);
				MARKETING_VERSION = 1.0;
				PRODUCT_BUNDLE_IDENTIFIER = Matheus.PokedexUI;
				PRODUCT_NAME = "$(TARGET_NAME)";
				SWIFT_EMIT_LOC_STRINGS = YES;
				SWIFT_VERSION = 5.0;
				TARGETED_DEVICE_FAMILY = "1,2";
			};
			name = Debug;
		};
		C538EDDA2A91805B00EB2F66 /* Release */ = {
			isa = XCBuildConfiguration;
			buildSettings = {
				ASSETCATALOG_COMPILER_APPICON_NAME = AppIcon;
				ASSETCATALOG_COMPILER_GLOBAL_ACCENT_COLOR_NAME = AccentColor;
				CODE_SIGN_STYLE = Automatic;
				CURRENT_PROJECT_VERSION = 1;
				DEVELOPMENT_ASSET_PATHS = "\"PokedexUI/Preview Content\"";
				DEVELOPMENT_TEAM = Q8Z26LUEQ3;
				ENABLE_PREVIEWS = YES;
				GENERATE_INFOPLIST_FILE = YES;
				INFOPLIST_KEY_UIApplicationSceneManifest_Generation = YES;
				INFOPLIST_KEY_UIApplicationSupportsIndirectInputEvents = YES;
				INFOPLIST_KEY_UILaunchScreen_Generation = YES;
				INFOPLIST_KEY_UISupportedInterfaceOrientations_iPad = "UIInterfaceOrientationPortrait UIInterfaceOrientationPortraitUpsideDown UIInterfaceOrientationLandscapeLeft UIInterfaceOrientationLandscapeRight";
				INFOPLIST_KEY_UISupportedInterfaceOrientations_iPhone = "UIInterfaceOrientationPortrait UIInterfaceOrientationLandscapeLeft UIInterfaceOrientationLandscapeRight";
				LD_RUNPATH_SEARCH_PATHS = (
					"$(inherited)",
					"@executable_path/Frameworks",
				);
				MARKETING_VERSION = 1.0;
				PRODUCT_BUNDLE_IDENTIFIER = Matheus.PokedexUI;
				PRODUCT_NAME = "$(TARGET_NAME)";
				SWIFT_EMIT_LOC_STRINGS = YES;
				SWIFT_VERSION = 5.0;
				TARGETED_DEVICE_FAMILY = "1,2";
			};
			name = Release;
		};
/* End XCBuildConfiguration section */

/* Begin XCConfigurationList section */
		C538EDC52A91805900EB2F66 /* Build configuration list for PBXProject "PokedexUI" */ = {
			isa = XCConfigurationList;
			buildConfigurations = (
				C538EDD62A91805B00EB2F66 /* Debug */,
				C538EDD72A91805B00EB2F66 /* Release */,
			);
			defaultConfigurationIsVisible = 0;
			defaultConfigurationName = Release;
		};
		C538EDD82A91805B00EB2F66 /* Build configuration list for PBXNativeTarget "PokedexUI" */ = {
			isa = XCConfigurationList;
			buildConfigurations = (
				C538EDD92A91805B00EB2F66 /* Debug */,
				C538EDDA2A91805B00EB2F66 /* Release */,
			);
			defaultConfigurationIsVisible = 0;
			defaultConfigurationName = Release;
		};
/* End XCConfigurationList section */

/* Begin XCRemoteSwiftPackageReference section */
		D903B80D2AC4B17200913BEC /* XCRemoteSwiftPackageReference "Kingfisher" */ = {
			isa = XCRemoteSwiftPackageReference;
			repositoryURL = "https://github.com/onevcat/Kingfisher.git";
			requirement = {
				kind = upToNextMajorVersion;
				minimumVersion = 7.9.1;
			};
		};
/* End XCRemoteSwiftPackageReference section */

/* Begin XCSwiftPackageProductDependency section */
		D903B80E2AC4B17200913BEC /* Kingfisher */ = {
			isa = XCSwiftPackageProductDependency;
			package = D903B80D2AC4B17200913BEC /* XCRemoteSwiftPackageReference "Kingfisher" */;
			productName = Kingfisher;
		};
/* End XCSwiftPackageProductDependency section */
	};
	rootObject = C538EDC22A91805900EB2F66 /* Project object */;
}
